
Microsoft Visual Studio Solution File, Format Version 12.00
# Visual Studio Version 17
VisualStudioVersion = 17.5.002.0
MinimumVisualStudioVersion = 10.0.40219.1
Project("{9A19103F-16F7-4668-BE54-9A1E7A4F7556}") = "DesafioProjetoHospedagem", "DesafioProjetoHospedagem.csproj", "{D23F9796-2E11-47DD-AB15-A0A45E259E96}"
EndProject
Global
	GlobalSection(SolutionConfigurationPlatforms) = preSolution
		Debug|Any CPU = Debug|Any CPU
		Release|Any CPU = Release|Any CPU
	EndGlobalSection
	GlobalSection(ProjectConfigurationPlatforms) = postSolution
		{D23F9796-2E11-47DD-AB15-A0A45E259E96}.Debug|Any CPU.ActiveCfg = Debug|Any CPU
		{D23F9796-2E11-47DD-AB15-A0A45E259E96}.Debug|Any CPU.Build.0 = Debug|Any CPU
		{D23F9796-2E11-47DD-AB15-A0A45E259E96}.Release|Any CPU.ActiveCfg = Release|Any CPU
		{D23F9796-2E11-47DD-AB15-A0A45E259E96}.Release|Any CPU.Build.0 = Release|Any CPU
	EndGlobalSection
	GlobalSection(SolutionProperties) = preSolution
		HideSolutionNode = FALSE
	EndGlobalSection
	GlobalSection(ExtensibilityGlobals) = postSolution
		SolutionGuid = {34020389-8B75-499E-9021-5B33777E3CBC}
	EndGlobalSection
EndGlobal
